
Microsoft Visual Studio Solution File, Format Version 12.00
# Visual Studio 15
VisualStudioVersion = 15.0.26124.0
MinimumVisualStudioVersion = 15.0.26124.0
Project("{2150E333-8FDC-42A3-9474-1A3956D46DE8}") = "src", "src", "{24E130CF-68F1-41E6-A7DB-B289960CA237}"
EndProject
Project("{FAE04EC0-301F-11D3-BF4B-00C04F79EFBC}") = "FrameworkAPI", "src\FrameworkAPI\FrameworkAPI.csproj", "{C04EEC28-FD6A-426C-8DBF-E20663E21F43}"
EndProject
Project("{2150E333-8FDC-42A3-9474-1A3956D46DE8}") = "test", "test", "{E23228C7-E2FA-4743-9AE6-1DCE6C6FFDEA}"
EndProject
Project("{FAE04EC0-301F-11D3-BF4B-00C04F79EFBC}") = "FrameworkAPI.Test", "test\FrameworkAPI.Test\FrameworkAPI.Test.csproj", "{8F66DBE3-D409-4010-A1A2-3571F8ED8FC0}"
EndProject
Project("{FAE04EC0-301F-11D3-BF4B-00C04F79EFBC}") = "FrameworkAPI.E2E.Test", "test\FrameworkAPI.E2E.Test\FrameworkAPI.E2E.Test.csproj", "{DE04002E-CB0A-4D09-B8C6-6FFC38D3F7BC}"
EndProject
Project("{2150E333-8FDC-42A3-9474-1A3956D46DE8}") = "Solution Items", "Solution Items", "{96621F39-66BF-448C-87FF-189B90F4000D}"
	ProjectSection(SolutionItems) = preProject
		.editorconfig = .editorconfig
		.gitignore = .gitignore
		.gitlab-ci.yml = .gitlab-ci.yml
		.trivyignore = .trivyignore
		NuGet.config = NuGet.config
		README.md = README.md
		ARCHITECTURE.md = ARCHITECTURE.md
		LICENCE_CHECK.md = LICENCE_CHECK.md
		ROLLDATA.md = ROLLDATA.md
	EndProjectSection
EndProject
Project("{FAE04EC0-301F-11D3-BF4B-00C04F79EFBC}") = "FrameworkAPI.E2E.Client", "test\FrameworkAPI.E2E.Client\FrameworkAPI.E2E.Client.csproj", "{F08BCD02-A895-4ABD-AF84-902CAFB95A3D}"
EndProject
Project("{FAE04EC0-301F-11D3-BF4B-00C04F79EFBC}") = "FrameworkAPI.Client", "src\FrameworkAPI.Client\FrameworkAPI.Client.csproj", "{F52A5F5E-D757-43E6-A514-AF516F09B9DF}"
EndProject
Project("{FAE04EC0-301F-11D3-BF4B-00C04F79EFBC}") = "FrameworkAPI.Client.Test", "test\FrameworkAPI.Client.Test\FrameworkAPI.Client.Test.csproj", "{1E359347-4FAB-4F57-91F1-F1D648163186}"
EndProject
Global
	GlobalSection(SolutionConfigurationPlatforms) = preSolution
		Debug|Any CPU = Debug|Any CPU
		Debug|x64 = Debug|x64
		Debug|x86 = Debug|x86
		Release|Any CPU = Release|Any CPU
		Release|x64 = Release|x64
		Release|x86 = Release|x86
	EndGlobalSection
	GlobalSection(SolutionProperties) = preSolution
		HideSolutionNode = FALSE
	EndGlobalSection
	GlobalSection(ProjectConfigurationPlatforms) = postSolution
		{C04EEC28-FD6A-426C-8DBF-E20663E21F43}.Debug|Any CPU.ActiveCfg = Debug|Any CPU
		{C04EEC28-FD6A-426C-8DBF-E20663E21F43}.Debug|Any CPU.Build.0 = Debug|Any CPU
		{C04EEC28-FD6A-426C-8DBF-E20663E21F43}.Debug|x64.ActiveCfg = Debug|Any CPU
		{C04EEC28-FD6A-426C-8DBF-E20663E21F43}.Debug|x64.Build.0 = Debug|Any CPU
		{C04EEC28-FD6A-426C-8DBF-E20663E21F43}.Debug|x86.ActiveCfg = Debug|Any CPU
		{C04EEC28-FD6A-426C-8DBF-E20663E21F43}.Debug|x86.Build.0 = Debug|Any CPU
		{C04EEC28-FD6A-426C-8DBF-E20663E21F43}.Release|Any CPU.ActiveCfg = Release|Any CPU
		{C04EEC28-FD6A-426C-8DBF-E20663E21F43}.Release|Any CPU.Build.0 = Release|Any CPU
		{C04EEC28-FD6A-426C-8DBF-E20663E21F43}.Release|x64.ActiveCfg = Release|Any CPU
		{C04EEC28-FD6A-426C-8DBF-E20663E21F43}.Release|x64.Build.0 = Release|Any CPU
		{C04EEC28-FD6A-426C-8DBF-E20663E21F43}.Release|x86.ActiveCfg = Release|Any CPU
		{C04EEC28-FD6A-426C-8DBF-E20663E21F43}.Release|x86.Build.0 = Release|Any CPU
		{8F66DBE3-D409-4010-A1A2-3571F8ED8FC0}.Debug|Any CPU.ActiveCfg = Debug|Any CPU
		{8F66DBE3-D409-4010-A1A2-3571F8ED8FC0}.Debug|Any CPU.Build.0 = Debug|Any CPU
		{8F66DBE3-D409-4010-A1A2-3571F8ED8FC0}.Debug|x64.ActiveCfg = Debug|Any CPU
		{8F66DBE3-D409-4010-A1A2-3571F8ED8FC0}.Debug|x64.Build.0 = Debug|Any CPU
		{8F66DBE3-D409-4010-A1A2-3571F8ED8FC0}.Debug|x86.ActiveCfg = Debug|Any CPU
		{8F66DBE3-D409-4010-A1A2-3571F8ED8FC0}.Debug|x86.Build.0 = Debug|Any CPU
		{8F66DBE3-D409-4010-A1A2-3571F8ED8FC0}.Release|Any CPU.ActiveCfg = Release|Any CPU
		{8F66DBE3-D409-4010-A1A2-3571F8ED8FC0}.Release|Any CPU.Build.0 = Release|Any CPU
		{8F66DBE3-D409-4010-A1A2-3571F8ED8FC0}.Release|x64.ActiveCfg = Release|Any CPU
		{8F66DBE3-D409-4010-A1A2-3571F8ED8FC0}.Release|x64.Build.0 = Release|Any CPU
		{8F66DBE3-D409-4010-A1A2-3571F8ED8FC0}.Release|x86.ActiveCfg = Release|Any CPU
		{8F66DBE3-D409-4010-A1A2-3571F8ED8FC0}.Release|x86.Build.0 = Release|Any CPU
		{849F5B3C-4460-4F4E-B9C0-C1474A6D13B7}.Debug|Any CPU.ActiveCfg = Debug|Any CPU
		{849F5B3C-4460-4F4E-B9C0-C1474A6D13B7}.Debug|Any CPU.Build.0 = Debug|Any CPU
		{849F5B3C-4460-4F4E-B9C0-C1474A6D13B7}.Debug|x64.ActiveCfg = Debug|Any CPU
		{849F5B3C-4460-4F4E-B9C0-C1474A6D13B7}.Debug|x64.Build.0 = Debug|Any CPU
		{849F5B3C-4460-4F4E-B9C0-C1474A6D13B7}.Debug|x86.ActiveCfg = Debug|Any CPU
		{849F5B3C-4460-4F4E-B9C0-C1474A6D13B7}.Debug|x86.Build.0 = Debug|Any CPU
		{849F5B3C-4460-4F4E-B9C0-C1474A6D13B7}.Release|Any CPU.ActiveCfg = Release|Any CPU
		{849F5B3C-4460-4F4E-B9C0-C1474A6D13B7}.Release|Any CPU.Build.0 = Release|Any CPU
		{849F5B3C-4460-4F4E-B9C0-C1474A6D13B7}.Release|x64.ActiveCfg = Release|Any CPU
		{849F5B3C-4460-4F4E-B9C0-C1474A6D13B7}.Release|x64.Build.0 = Release|Any CPU
		{849F5B3C-4460-4F4E-B9C0-C1474A6D13B7}.Release|x86.ActiveCfg = Release|Any CPU
		{849F5B3C-4460-4F4E-B9C0-C1474A6D13B7}.Release|x86.Build.0 = Release|Any CPU
		{DE04002E-CB0A-4D09-B8C6-6FFC38D3F7BC}.Debug|Any CPU.ActiveCfg = Debug|Any CPU
		{DE04002E-CB0A-4D09-B8C6-6FFC38D3F7BC}.Debug|Any CPU.Build.0 = Debug|Any CPU
		{DE04002E-CB0A-4D09-B8C6-6FFC38D3F7BC}.Debug|x64.ActiveCfg = Debug|Any CPU
		{DE04002E-CB0A-4D09-B8C6-6FFC38D3F7BC}.Debug|x64.Build.0 = Debug|Any CPU
		{DE04002E-CB0A-4D09-B8C6-6FFC38D3F7BC}.Debug|x86.ActiveCfg = Debug|Any CPU
		{DE04002E-CB0A-4D09-B8C6-6FFC38D3F7BC}.Debug|x86.Build.0 = Debug|Any CPU
		{DE04002E-CB0A-4D09-B8C6-6FFC38D3F7BC}.Release|Any CPU.ActiveCfg = Release|Any CPU
		{DE04002E-CB0A-4D09-B8C6-6FFC38D3F7BC}.Release|Any CPU.Build.0 = Release|Any CPU
		{DE04002E-CB0A-4D09-B8C6-6FFC38D3F7BC}.Release|x64.ActiveCfg = Release|Any CPU
		{DE04002E-CB0A-4D09-B8C6-6FFC38D3F7BC}.Release|x64.Build.0 = Release|Any CPU
		{DE04002E-CB0A-4D09-B8C6-6FFC38D3F7BC}.Release|x86.ActiveCfg = Release|Any CPU
		{DE04002E-CB0A-4D09-B8C6-6FFC38D3F7BC}.Release|x86.Build.0 = Release|Any CPU
		{F08BCD02-A895-4ABD-AF84-902CAFB95A3D}.Debug|Any CPU.ActiveCfg = Debug|Any CPU
		{F08BCD02-A895-4ABD-AF84-902CAFB95A3D}.Debug|Any CPU.Build.0 = Debug|Any CPU
		{F08BCD02-A895-4ABD-AF84-902CAFB95A3D}.Debug|x64.ActiveCfg = Debug|Any CPU
		{F08BCD02-A895-4ABD-AF84-902CAFB95A3D}.Debug|x64.Build.0 = Debug|Any CPU
		{F08BCD02-A895-4ABD-AF84-902CAFB95A3D}.Debug|x86.ActiveCfg = Debug|Any CPU
		{F08BCD02-A895-4ABD-AF84-902CAFB95A3D}.Debug|x86.Build.0 = Debug|Any CPU
		{F08BCD02-A895-4ABD-AF84-902CAFB95A3D}.Release|Any CPU.ActiveCfg = Release|Any CPU
		{F08BCD02-A895-4ABD-AF84-902CAFB95A3D}.Release|Any CPU.Build.0 = Release|Any CPU
		{F08BCD02-A895-4ABD-AF84-902CAFB95A3D}.Release|x64.ActiveCfg = Release|Any CPU
		{F08BCD02-A895-4ABD-AF84-902CAFB95A3D}.Release|x64.Build.0 = Release|Any CPU
		{F08BCD02-A895-4ABD-AF84-902CAFB95A3D}.Release|x86.ActiveCfg = Release|Any CPU
		{F08BCD02-A895-4ABD-AF84-902CAFB95A3D}.Release|x86.Build.0 = Release|Any CPU
		{F52A5F5E-D757-43E6-A514-AF516F09B9DF}.Debug|Any CPU.ActiveCfg = Debug|Any CPU
		{F52A5F5E-D757-43E6-A514-AF516F09B9DF}.Debug|Any CPU.Build.0 = Debug|Any CPU
		{F52A5F5E-D757-43E6-A514-AF516F09B9DF}.Debug|x64.ActiveCfg = Debug|Any CPU
		{F52A5F5E-D757-43E6-A514-AF516F09B9DF}.Debug|x64.Build.0 = Debug|Any CPU
		{F52A5F5E-D757-43E6-A514-AF516F09B9DF}.Debug|x86.ActiveCfg = Debug|Any CPU
		{F52A5F5E-D757-43E6-A514-AF516F09B9DF}.Debug|x86.Build.0 = Debug|Any CPU
		{F52A5F5E-D757-43E6-A514-AF516F09B9DF}.Release|Any CPU.ActiveCfg = Release|Any CPU
		{F52A5F5E-D757-43E6-A514-AF516F09B9DF}.Release|Any CPU.Build.0 = Release|Any CPU
		{F52A5F5E-D757-43E6-A514-AF516F09B9DF}.Release|x64.ActiveCfg = Release|Any CPU
		{F52A5F5E-D757-43E6-A514-AF516F09B9DF}.Release|x64.Build.0 = Release|Any CPU
		{F52A5F5E-D757-43E6-A514-AF516F09B9DF}.Release|x86.ActiveCfg = Release|Any CPU
		{F52A5F5E-D757-43E6-A514-AF516F09B9DF}.Release|x86.Build.0 = Release|Any CPU
		{1E359347-4FAB-4F57-91F1-F1D648163186}.Debug|Any CPU.ActiveCfg = Debug|Any CPU
		{1E359347-4FAB-4F57-91F1-F1D648163186}.Debug|Any CPU.Build.0 = Debug|Any CPU
		{1E359347-4FAB-4F57-91F1-F1D648163186}.Debug|x64.ActiveCfg = Debug|Any CPU
		{1E359347-4FAB-4F57-91F1-F1D648163186}.Debug|x64.Build.0 = Debug|Any CPU
		{1E359347-4FAB-4F57-91F1-F1D648163186}.Debug|x86.ActiveCfg = Debug|Any CPU
		{1E359347-4FAB-4F57-91F1-F1D648163186}.Debug|x86.Build.0 = Debug|Any CPU
		{1E359347-4FAB-4F57-91F1-F1D648163186}.Release|Any CPU.ActiveCfg = Release|Any CPU
		{1E359347-4FAB-4F57-91F1-F1D648163186}.Release|Any CPU.Build.0 = Release|Any CPU
		{1E359347-4FAB-4F57-91F1-F1D648163186}.Release|x64.ActiveCfg = Release|Any CPU
		{1E359347-4FAB-4F57-91F1-F1D648163186}.Release|x64.Build.0 = Release|Any CPU
		{1E359347-4FAB-4F57-91F1-F1D648163186}.Release|x86.ActiveCfg = Release|Any CPU
		{1E359347-4FAB-4F57-91F1-F1D648163186}.Release|x86.Build.0 = Release|Any CPU
	EndGlobalSection
	GlobalSection(NestedProjects) = preSolution
		{C04EEC28-FD6A-426C-8DBF-E20663E21F43} = {24E130CF-68F1-41E6-A7DB-B289960CA237}
		{8F66DBE3-D409-4010-A1A2-3571F8ED8FC0} = {E23228C7-E2FA-4743-9AE6-1DCE6C6FFDEA}
		{DE04002E-CB0A-4D09-B8C6-6FFC38D3F7BC} = {E23228C7-E2FA-4743-9AE6-1DCE6C6FFDEA}
		{F08BCD02-A895-4ABD-AF84-902CAFB95A3D} = {E23228C7-E2FA-4743-9AE6-1DCE6C6FFDEA}
		{F52A5F5E-D757-43E6-A514-AF516F09B9DF} = {24E130CF-68F1-41E6-A7DB-B289960CA237}
		{1E359347-4FAB-4F57-91F1-F1D648163186} = {E23228C7-E2FA-4743-9AE6-1DCE6C6FFDEA}
	EndGlobalSection
EndGlobal
